
Microsoft Visual Studio Solution File, Format Version 12.00
# Visual Studio 2012
Project("{D954291E-2A0B-460D-934E-DC6B0785DB48}") = "PandaExpressConnect", "PandaExpressConnect\PandaExpressConnect.shproj", "{D735794E-08CE-4E32-BA1E-68EA4E9F360F}"
EndProject
Project("{FAE04EC0-301F-11D3-BF4B-00C04F79EFBC}") = "PandaExpressConnect.iOS", "iOS\PandaExpressConnect.iOS.csproj", "{C51691FD-2C68-4F90-9F10-0F08F66EB000}"
EndProject
Project("{FAE04EC0-301F-11D3-BF4B-00C04F79EFBC}") = "PandaExpressConnect.Droid", "Droid\PandaExpressConnect.Droid.csproj", "{3EB66A47-D6BE-4BFB-B3C7-9C1F77AF4430}"
EndProject
Global
	GlobalSection(SolutionConfigurationPlatforms) = preSolution
		Debug|iPhoneSimulator = Debug|iPhoneSimulator
		Release|iPhone = Release|iPhone
		Release|iPhoneSimulator = Release|iPhoneSimulator
		Debug|iPhone = Debug|iPhone
		Debug|Any CPU = Debug|Any CPU
		Release|Any CPU = Release|Any CPU
	EndGlobalSection
	GlobalSection(ProjectConfigurationPlatforms) = postSolution
		{C51691FD-2C68-4F90-9F10-0F08F66EB000}.Debug|iPhoneSimulator.ActiveCfg = Debug|iPhoneSimulator
		{C51691FD-2C68-4F90-9F10-0F08F66EB000}.Debug|iPhoneSimulator.Build.0 = Debug|iPhoneSimulator
		{C51691FD-2C68-4F90-9F10-0F08F66EB000}.Release|iPhone.ActiveCfg = Release|iPhone
		{C51691FD-2C68-4F90-9F10-0F08F66EB000}.Release|iPhone.Build.0 = Release|iPhone
		{C51691FD-2C68-4F90-9F10-0F08F66EB000}.Release|iPhoneSimulator.ActiveCfg = Release|iPhoneSimulator
		{C51691FD-2C68-4F90-9F10-0F08F66EB000}.Release|iPhoneSimulator.Build.0 = Release|iPhoneSimulator
		{C51691FD-2C68-4F90-9F10-0F08F66EB000}.Debug|iPhone.ActiveCfg = Debug|iPhone
		{C51691FD-2C68-4F90-9F10-0F08F66EB000}.Debug|iPhone.Build.0 = Debug|iPhone
		{C51691FD-2C68-4F90-9F10-0F08F66EB000}.Debug|Any CPU.ActiveCfg = Debug|iPhoneSimulator
		{C51691FD-2C68-4F90-9F10-0F08F66EB000}.Debug|Any CPU.Build.0 = Debug|iPhoneSimulator
		{C51691FD-2C68-4F90-9F10-0F08F66EB000}.Release|Any CPU.ActiveCfg = Release|iPhone
		{C51691FD-2C68-4F90-9F10-0F08F66EB000}.Release|Any CPU.Build.0 = Release|iPhone
		{3EB66A47-D6BE-4BFB-B3C7-9C1F77AF4430}.Debug|iPhoneSimulator.ActiveCfg = Debug|Any CPU
		{3EB66A47-D6BE-4BFB-B3C7-9C1F77AF4430}.Debug|iPhoneSimulator.Build.0 = Debug|Any CPU
		{3EB66A47-D6BE-4BFB-B3C7-9C1F77AF4430}.Release|iPhone.ActiveCfg = Release|Any CPU
		{3EB66A47-D6BE-4BFB-B3C7-9C1F77AF4430}.Release|iPhone.Build.0 = Release|Any CPU
		{3EB66A47-D6BE-4BFB-B3C7-9C1F77AF4430}.Release|iPhoneSimulator.ActiveCfg = Release|Any CPU
		{3EB66A47-D6BE-4BFB-B3C7-9C1F77AF4430}.Release|iPhoneSimulator.Build.0 = Release|Any CPU
		{3EB66A47-D6BE-4BFB-B3C7-9C1F77AF4430}.Debug|iPhone.ActiveCfg = Debug|Any CPU
		{3EB66A47-D6BE-4BFB-B3C7-9C1F77AF4430}.Debug|iPhone.Build.0 = Debug|Any CPU
		{3EB66A47-D6BE-4BFB-B3C7-9C1F77AF4430}.Debug|Any CPU.ActiveCfg = Debug|Any CPU
		{3EB66A47-D6BE-4BFB-B3C7-9C1F77AF4430}.Debug|Any CPU.Build.0 = Debug|Any CPU
		{3EB66A47-D6BE-4BFB-B3C7-9C1F77AF4430}.Release|Any CPU.ActiveCfg = Release|Any CPU
		{3EB66A47-D6BE-4BFB-B3C7-9C1F77AF4430}.Release|Any CPU.Build.0 = Release|Any CPU
	EndGlobalSection
EndGlobal
